
Microsoft Visual Studio Solution File, Format Version 12.00
# Visual Studio Version 16
VisualStudioVersion = 16.0.31624.102
MinimumVisualStudioVersion = 10.0.40219.1
Project("{FAE04EC0-301F-11D3-BF4B-00C04F79EFBC}") = "ClassWork4Console", "ClassWork4Console\ClassWork4Console.csproj", "{F667EE3E-CEB2-44FE-A07F-D700F1EB2E19}"
EndProject
Global
	GlobalSection(SolutionConfigurationPlatforms) = preSolution
		Debug|Any CPU = Debug|Any CPU
		Release|Any CPU = Release|Any CPU
	EndGlobalSection
	GlobalSection(ProjectConfigurationPlatforms) = postSolution
		{F667EE3E-CEB2-44FE-A07F-D700F1EB2E19}.Debug|Any CPU.ActiveCfg = Debug|Any CPU
		{F667EE3E-CEB2-44FE-A07F-D700F1EB2E19}.Debug|Any CPU.Build.0 = Debug|Any CPU
		{F667EE3E-CEB2-44FE-A07F-D700F1EB2E19}.Release|Any CPU.ActiveCfg = Release|Any CPU
		{F667EE3E-CEB2-44FE-A07F-D700F1EB2E19}.Release|Any CPU.Build.0 = Release|Any CPU
	EndGlobalSection
	GlobalSection(SolutionProperties) = preSolution
		HideSolutionNode = FALSE
	EndGlobalSection
	GlobalSection(ExtensibilityGlobals) = postSolution
		SolutionGuid = {515DC0F3-76FD-4A0F-9AB3-A5183ABA506B}
	EndGlobalSection
EndGlobal
